
Microsoft Visual Studio Solution File, Format Version 12.00
# Visual Studio Version 17
VisualStudioVersion = 17.9.34728.123
MinimumVisualStudioVersion = 10.0.40219.1
Project("{FAE04EC0-301F-11D3-BF4B-00C04F79EFBC}") = "Lekcija2_2024", "Lekcija2_2024\Lekcija2_2024.csproj", "{36691144-B3B4-4BBC-A8CA-393A19DA0D1A}"
EndProject
Global
	GlobalSection(SolutionConfigurationPlatforms) = preSolution
		Debug|Any CPU = Debug|Any CPU
		Release|Any CPU = Release|Any CPU
	EndGlobalSection
	GlobalSection(ProjectConfigurationPlatforms) = postSolution
		{36691144-B3B4-4BBC-A8CA-393A19DA0D1A}.Debug|Any CPU.ActiveCfg = Debug|Any CPU
		{36691144-B3B4-4BBC-A8CA-393A19DA0D1A}.Debug|Any CPU.Build.0 = Debug|Any CPU
		{36691144-B3B4-4BBC-A8CA-393A19DA0D1A}.Release|Any CPU.ActiveCfg = Release|Any CPU
		{36691144-B3B4-4BBC-A8CA-393A19DA0D1A}.Release|Any CPU.Build.0 = Release|Any CPU
	EndGlobalSection
	GlobalSection(SolutionProperties) = preSolution
		HideSolutionNode = FALSE
	EndGlobalSection
	GlobalSection(ExtensibilityGlobals) = postSolution
		SolutionGuid = {FF0BDD50-7ABA-4144-A75F-4F7B5A2FC013}
	EndGlobalSection
EndGlobal
